github.com/Sirupsen/logrus v0.8.7 h1:hGa+d4KZNNNDmzAj6vlkeOQsgjrh8zg4EXB81mWoTm4=
github.com/Sirupsen/logrus v0.8.7/go.mod h1:rmk17hk6i8ZSAJkSDa7nOxamrG+SP4P0mm+DAvExv4U=
github.com/armon/go-radix v1.0.0 h1:F4z6KzEeeQIMeLFa97iZU6vupzoecKdU5TX24SNppXI=
github.com/armon/go-radix v1.0.0/go.mod h1:ufUuZ+zHj4x4TnLV4JWEpy2hxWSpsRywHrMgIH9cCH8=
github.com/boltdb/bolt v0.0.0-20150909212631-033d4ec02819 h1:lwNF/0nMxvDgYRremOUrX9HkFBcF64xvS1O90cTZxFI=
github.com/boltdb/bolt v0.0.0-20150909212631-033d4ec02819/go.mod h1:clJnj/oiGkjum5o1McbSZDSLxVThjynRyGBgiAx27Ps=
github.com/coreos/go-etcd v2.0.1-0.20150916211942-555b4186480c+incompatible h1:YNBvT+rfqXiOaHOEnVnUkeBVotCr39ocX3CWE42KyQ0=
github.com/coreos/go-etcd v2.0.1-0.20150916211942-555b4186480c+incompatible/go.mod h1:Jez6KQU2B/sWsbdaef3ED8NzMklzPG4d5KIOhIy30Tk=
github.com/davecgh/go-spew v1.1.0/go.mod h1:J7Y8YcW2NihsgmVo/mv3lAwl/skON4iLHjSsI+c5H38=
github.com/davecgh/go-spew v1.1.1 h1:vj9j/u1bqnvCEfJOwUhtlOARqs3+rkHYY13jYWTU97c=
github.com/davecgh/go-spew v1.1.1/go.mod h1:J7Y8YcW2NihsgmVo/mv3lAwl/skON4iLHjSsI+c5H38=
github.com/docker/docker v1.4.2-0.20150917171018-57c6012cf0db h1:BmhF5MRo0RpnfY5cRY14HjeKLrrT4m5YTINE7qB8J0M=
github.com/docker/docker v1.4.2-0.20150917171018-57c6012cf0db/go.mod h1:eEKB0N0r5NX/I1kEveEz05bcu8tLC/8azJZsviup8Sk=
github.com/docker/libkv v0.0.0-20150916181551-4aec61dc3c9c h1:5V79G7iuFerRUgL0TYUfQSDDUsY/73isO0rXTOH3cyU=
github.com/docker/libkv v0.0.0-20150916181551-4aec61dc3c9c/go.mod h1:r5hEwHwW8dr0TFBYGCarMNbrQOiwL1xoqDYZ/JqoTK0=
github.com/hanwen/go-fuse v0.0.0-20150627105709-324ea173d0a4 h1:SiXLbOojj21tqzjNQES8WEo+HOk0FrsXj6CajYK25o4=
github.com/hanwen/go-fuse v0.0.0-20150627105709-324ea173d0a4/go.mod h1:4ZJ05v9yt5k/mcFkGvSPKJB5T8G/6nuumL63ZqlrPvI=
github.com/hashicorp/consul v0.5.3-0.20150917142839-0b05dbeb216f h1:wHPi43RLffETs1rADF1d3sgMrImJAB69b+l66U72Ock=
github.com/hashicorp/consul v0.5.3-0.20150917142839-0b05dbeb216f/go.mod h1:mFrjN1mfidgJfYP1xrJCF+AfRhr6Eaqhb2+sfyn/OOI=
github.com/hashicorp/go-msgpack v1.1.5 h1:9byZdVjKTe5mce63pRVNP1L7UAmdHOTEMGehn6KvJWs=
github.com/hashicorp/go-msgpack v1.1.5/go.mod h1:gWVc3sv/wbDmR3rQsj1CAktEZzoz1YNK9NfGLXJ69/4=
github.com/hashicorp/golang-lru v0.5.4 h1:YDjusn29QI/Das2iO9M0BHnIbxPeyuCHsjMW+lJfyTc=
github.com/hashicorp/golang-lru v0.5.4/go.mod h1:iADmTwqILo4mZ8BN3D2Q6+9jd8WM5uGBxy+E8yxSoD4=
github.com/hashicorp/hcl v1.0.0 h1:0Anlzjpi4vEasTeNFn2mLJgTSwt0+6sfsiTG8qcWGx4=
github.com/hashicorp/hcl v1.0.0/go.mod h1:E5yfLk+7swimpb2L/Alb/PJmXilQ/rhwaUYs4T20WEQ=
github.com/pmezard/go-difflib v1.0.0 h1:4DBwDE0NGyQoBHbLQYPwSUPoCMWR5BEzIk/f1lZbAQM=
github.com/pmezard/go-difflib v1.0.0/go.mod h1:iKH77koFhYxTK1pcRnkKkqfTogsbg7gZNVY4sRDYZ/4=
github.com/stretchr/objx v0.1.0/go.mod h1:HFkY916IF+rwdDfMAkV7OtwuqBVzrE8GR6GFx+wExME=
github.com/stretchr/testify v1.7.0 h1:nwc3DEeHmmLAfoZucVR881uASk0Mfjw8xYJ99tb5CcY=
github.com/stretchr/testify v1.7.0/go.mod h1:6Fq8oRcR53rry900zMqJjRRixrwX3KX962/h/Wwjteg=
github.com/ugorji/go v0.0.0-20150916155453-718a1bcd1902 h1:Vy/JHnCRqvsHkAXxElV++je9Kl4ZRi11FwVWtJ71IQY=
github.com/ugorji/go v0.0.0-20150916155453-718a1bcd1902/go.mod h1:hnLbHMwcvSihnDhEfx2/BzKp2xb0Y+ErdfYcrs9tkJQ=
golang.org/x/crypto v0.0.0-20190308221718-c2843e01d9a2/go.mod h1:djNgcEr1/C05ACkg1iLfiJU5Ep61QUkGW8qpdssI0+w=
golang.org/x/net v0.0.0-20190311183353-d8887717615a/go.mod h1:t9HGtf8HONx5eT2rtn7q6eTqICYqUVnKs3thJo3Qplg=
golang.org/x/sync v0.0.0-20190423024810-112230192c58/go.mod h1:RxMgew5VJxzue5/jJTE5uejpjVlOe/izrB70Jof72aM=
golang.org/x/sys v0.0.0-20190215142949-d0b11bdaac8a/go.mod h1:STP8DvDyc/dI5b8T5hshtkjS+E42TnysNCUPdjciGhY=
golang.org/x/sys v0.0.0-20210616094352-59db8d763f22 h1:RqytpXGR1iVNX7psjB3ff8y7sNFinVFvkx1c8SjBkio=
golang.org/x/sys v0.0.0-20210616094352-59db8d763f22/go.mod h1:oPkhp1MJrh7nUepCBck5+mAzfO9JrbApNNgaTdGDITg=
golang.org/x/text v0.3.0/go.mod h1:NqM8EUOU14njkJ3fqMW+pc6Ldnwhi/IjpwHt7yyuwOQ=
golang.org/x/tools v0.0.0-20190424220101-1e8e1cfdf96b/go.mod h1:RgjU9mgBXZiqYHBnxXauZ1Gv1EHHAz9KjViQ78xBX0Q=
gopkg.in/check.v1 v0.0.0-20161208181325-20d25e280405 h1:yhCVgyC4o1eVCa2tZl7eS0r+SDo693bJlVdllGtEeKM=
gopkg.in/check.v1 v0.0.0-20161208181325-20d25e280405/go.mod h1:Co6ibVJAznAaIkqp8huTwlJQCZ016jof/cbN4VW5Yz0=
gopkg.in/yaml.v3 v3.0.0-20200313102051-9f266ea9e77c h1:dUUwHk2QECo/6vqA44rthZ8ie2QXMNeKRTHCNY2nXvo=
gopkg.in/yaml.v3 v3.0.0-20200313102051-9f266ea9e77c/go.mod h1:K4uyk7z7BCEPqu6E+C64Yfv1cQ7kz7rIZviUmN+EgEM=
